
Microsoft Visual Studio Solution File, Format Version 12.00
# Visual Studio Version 17
VisualStudioVersion = 17.3.32922.545
MinimumVisualStudioVersion = 10.0.40219.1
Project("{FAE04EC0-301F-11D3-BF4B-00C04F79EFBC}") = "ClientsAPI", "ClientsAPI\ClientsAPI.csproj", "{A46A6D3B-A23F-4EB3-901F-075EE7483E2F}"
EndProject
Global
	GlobalSection(SolutionConfigurationPlatforms) = preSolution
		Debug|Any CPU = Debug|Any CPU
		Release|Any CPU = Release|Any CPU
	EndGlobalSection
	GlobalSection(ProjectConfigurationPlatforms) = postSolution
		{A46A6D3B-A23F-4EB3-901F-075EE7483E2F}.Debug|Any CPU.ActiveCfg = Debug|Any CPU
		{A46A6D3B-A23F-4EB3-901F-075EE7483E2F}.Debug|Any CPU.Build.0 = Debug|Any CPU
		{A46A6D3B-A23F-4EB3-901F-075EE7483E2F}.Release|Any CPU.ActiveCfg = Release|Any CPU
		{A46A6D3B-A23F-4EB3-901F-075EE7483E2F}.Release|Any CPU.Build.0 = Release|Any CPU
	EndGlobalSection
	GlobalSection(SolutionProperties) = preSolution
		HideSolutionNode = FALSE
	EndGlobalSection
	GlobalSection(ExtensibilityGlobals) = postSolution
		SolutionGuid = {16A5DAA5-CC1F-4D51-A011-0E4DBC22DFE2}
	EndGlobalSection
EndGlobal
